# This file is automatically @generated by Wally.
# It is not intended for manual editing.
registry = "test"

[[package]]
name = "creare/crearedustry"
version = "0.1.0"
dependencies = [["cmdr", "evaera/cmdr@1.12.0"], ["fusion", "elttob/fusion@0.3.0"], ["signal", "sleitnick/signal@2.0.3"]]

[[package]]
name = "elttob/fusion"
version = "0.3.0"
dependencies = []

[[package]]
name = "evaera/cmdr"
version = "1.12.0"
dependencies = []

[[package]]
name = "sleitnick/signal"
version = "2.0.3"
dependencies = []
